Microsoft Visual Studio Solution File, Format Version 11.00
# Visual C# Express 2010
Project("{FAE04EC0-301F-11D3-BF4B-00C04F79EFBC}") = "XOGame", "XOGame.csproj", "{FDA9E0A4-C435-43C8-BF6D-19E7DEADC131}"
EndProject
Global
	GlobalSection(SolutionConfigurationPlatforms) = preSolution
		Debug|Any CPU = Debug|Any CPU
		Release|Any CPU = Release|Any CPU
	EndGlobalSection
	GlobalSection(ProjectConfigurationPlatforms) = postSolution
		{FDA9E0A4-C435-43C8-BF6D-19E7DEADC131}.Debug|Any CPU.ActiveCfg = Debug|Any CPU
		{FDA9E0A4-C435-43C8-BF6D-19E7DEADC131}.Debug|Any CPU.Build.0 = Debug|Any CPU
		{FDA9E0A4-C435-43C8-BF6D-19E7DEADC131}.Release|Any CPU.ActiveCfg = Release|Any CPU
		{FDA9E0A4-C435-43C8-BF6D-19E7DEADC131}.Release|Any CPU.Build.0 = Release|Any CPU
	EndGlobalSection
	GlobalSection(SolutionProperties) = preSolution
		HideSolutionNode = FALSE
	EndGlobalSection
EndGlobal
